{
    "name": "helloworld",
    "version": "1.0.0",
    "lockfileVersion": 1,
    "requires": true,
    "dependencies": {
        "cordova-plugin-ble": {
            "version": "2.0.1",
            "resolved": "https://registry.npmjs.org/cordova-plugin-ble/-/cordova-plugin-ble-2.0.1.tgz",
            "integrity": "sha1-uuOqVsAh4mbLDaqCMjhUrRq4+MY="
        }
    }
}
